
Microsoft Visual Studio Solution File, Format Version 12.00
# Visual Studio Version 17
VisualStudioVersion = 17.14.36908.2 d17.14
MinimumVisualStudioVersion = 10.0.40219.1
Project("{FAE04EC0-301F-11D3-BF4B-00C04F79EFBC}") = "MapleKiosk.Web", "MapleKiosk.Web.csproj", "{3FD9BF09-8C66-D0CA-9449-76F45540BA86}"
EndProject
Global
	GlobalSection(SolutionConfigurationPlatforms) = preSolution
		Debug|Any CPU = Debug|Any CPU
		Release|Any CPU = Release|Any CPU
	EndGlobalSection
	GlobalSection(ProjectConfigurationPlatforms) = postSolution
		{3FD9BF09-8C66-D0CA-9449-76F45540BA86}.Debug|Any CPU.ActiveCfg = Debug|Any CPU
		{3FD9BF09-8C66-D0CA-9449-76F45540BA86}.Debug|Any CPU.Build.0 = Debug|Any CPU
		{3FD9BF09-8C66-D0CA-9449-76F45540BA86}.Release|Any CPU.ActiveCfg = Release|Any CPU
		{3FD9BF09-8C66-D0CA-9449-76F45540BA86}.Release|Any CPU.Build.0 = Release|Any CPU
	EndGlobalSection
	GlobalSection(SolutionProperties) = preSolution
		HideSolutionNode = FALSE
	EndGlobalSection
	GlobalSection(ExtensibilityGlobals) = postSolution
		SolutionGuid = {6018EC14-173E-4872-9383-C9200418B034}
	EndGlobalSection
EndGlobal
